// !$*UTF8*$!
{
	archiveVersion = 1;
	classes = {
	};
	objectVersion = 50;
	objects = {

/* Begin PBXBuildFile section */
		CEEA747E226263A30057C254 /* AppDelegate.swift in Sources */ = {isa = PBXBuildFile; fileRef = CEEA747D226263A30057C254 /* AppDelegate.swift */; };
		CEEA7483226263A30057C254 /* Main.storyboard in Resources */ = {isa = PBXBuildFile; fileRef = CEEA7481226263A30057C254 /* Main.storyboard */; };
		CEEA7485226263A50057C254 /* Assets.xcassets in Resources */ = {isa = PBXBuildFile; fileRef = CEEA7484226263A50057C254 /* Assets.xcassets */; };
		CEEA7488226263A50057C254 /* LaunchScreen.storyboard in Resources */ = {isa = PBXBuildFile; fileRef = CEEA7486226263A50057C254 /* LaunchScreen.storyboard */; };
		CEEA7490226264800057C254 /* Additional.storyboard in Resources */ = {isa = PBXBuildFile; fileRef = CEEA748F226264800057C254 /* Additional.storyboard */; };
		CEEA7492226264F90057C254 /* ListTableViewController.swift in Sources */ = {isa = PBXBuildFile; fileRef = CEEA7491226264F90057C254 /* ListTableViewController.swift */; };
		CEEA749422626BDB0057C254 /* EmojiTableViewController.swift in Sources */ = {isa = PBXBuildFile; fileRef = CEEA749322626BDB0057C254 /* EmojiTableViewController.swift */; };
		CEEA74962262725C0057C254 /* Emoji.swift in Sources */ = {isa = PBXBuildFile; fileRef = CEEA74952262725C0057C254 /* Emoji.swift */; };
		CEEA74992263581B0057C254 /* EmojiCell.swift in Sources */ = {isa = PBXBuildFile; fileRef = CEEA74972263581B0057C254 /* EmojiCell.swift */; };
		CEEA749A2263581B0057C254 /* EmojiCell.xib in Resources */ = {isa = PBXBuildFile; fileRef = CEEA74982263581B0057C254 /* EmojiCell.xib */; };
		CEEA749D22636F560057C254 /* CellConfigurator.swift in Sources */ = {isa = PBXBuildFile; fileRef = CEEA749C22636F560057C254 /* CellConfigurator.swift */; };
/* End PBXBuildFile section */

/* Begin PBXFileReference section */
		CEEA747A226263A30057C254 /* DZ_Emoji.app */ = {isa = PBXFileReference; explicitFileType = wrapper.application; includeInIndex = 0; path = DZ_Emoji.app; sourceTree = BUILT_PRODUCTS_DIR; };
		CEEA747D226263A30057C254 /* AppDelegate.swift */ = {isa = PBXFileReference; lastKnownFileType = sourcecode.swift; path = AppDelegate.swift; sourceTree = "<group>"; };
		CEEA7482226263A30057C254 /* Base */ = {isa = PBXFileReference; lastKnownFileType = file.storyboard; name = Base; path = Base.lproj/Main.storyboard; sourceTree = "<group>"; };
		CEEA7484226263A50057C254 /* Assets.xcassets */ = {isa = PBXFileReference; lastKnownFileType = folder.assetcatalog; path = Assets.xcassets; sourceTree = "<group>"; };
		CEEA7487226263A50057C254 /* Base */ = {isa = PBXFileReference; lastKnownFileType = file.storyboard; name = Base; path = Base.lproj/LaunchScreen.storyboard; sourceTree = "<group>"; };
		CEEA7489226263A50057C254 /* Info.plist */ = {isa = PBXFileReference; lastKnownFileType = text.plist.xml; path = Info.plist; sourceTree = "<group>"; };
		CEEA748F226264800057C254 /* Additional.storyboard */ = {isa = PBXFileReference; lastKnownFileType = file.storyboard; path = Additional.storyboard; sourceTree = "<group>"; };
		CEEA7491226264F90057C254 /* ListTableViewController.swift */ = {isa = PBXFileReference; lastKnownFileType = sourcecode.swift; path = ListTableViewController.swift; sourceTree = "<group>"; };
		CEEA749322626BDB0057C254 /* EmojiTableViewController.swift */ = {isa = PBXFileReference; lastKnownFileType = sourcecode.swift; path = EmojiTableViewController.swift; sourceTree = "<group>"; };
		CEEA74952262725C0057C254 /* Emoji.swift */ = {isa = PBXFileReference; lastKnownFileType = sourcecode.swift; path = Emoji.swift; sourceTree = "<group>"; };
		CEEA74972263581B0057C254 /* EmojiCell.swift */ = {isa = PBXFileReference; lastKnownFileType = sourcecode.swift; path = EmojiCell.swift; sourceTree = "<group>"; };
		CEEA74982263581B0057C254 /* EmojiCell.xib */ = {isa = PBXFileReference; lastKnownFileType = file.xib; path = EmojiCell.xib; sourceTree = "<group>"; };
		CEEA749C22636F560057C254 /* CellConfigurator.swift */ = {isa = PBXFileReference; lastKnownFileType = sourcecode.swift; path = CellConfigurator.swift; sourceTree = "<group>"; };
/* End PBXFileReference section */

/* Begin PBXFrameworksBuildPhase section */
		CEEA7477226263A30057C254 /* Frameworks */ = {
			isa = PBXFrameworksBuildPhase;
			buildActionMask = 2147483647;
			files = (
			);
			runOnlyForDeploymentPostprocessing = 0;
		};
/* End PBXFrameworksBuildPhase section */

/* Begin PBXGroup section */
		CE07977D226499CF00A03DE3 /* Views */ = {
			isa = PBXGroup;
			children = (
				CE07978022649A3B00A03DE3 /* Storyboards */,
				CEEA749B2263582E0057C254 /* EmojiCell */,
			);
			path = Views;
			sourceTree = "<group>";
		};
		CE07977E226499E800A03DE3 /* Managers */ = {
			isa = PBXGroup;
			children = (
				CEEA749C22636F560057C254 /* CellConfigurator.swift */,
			);
			path = Managers;
			sourceTree = "<group>";
		};
		CE07977F22649A0C00A03DE3 /* ViewControllers */ = {
			isa = PBXGroup;
			children = (
				CEEA7491226264F90057C254 /* ListTableViewController.swift */,
				CEEA749322626BDB0057C254 /* EmojiTableViewController.swift */,
			);
			path = ViewControllers;
			sourceTree = "<group>";
		};
		CE07978022649A3B00A03DE3 /* Storyboards */ = {
			isa = PBXGroup;
			children = (
				CEEA7481226263A30057C254 /* Main.storyboard */,
				CEEA748F226264800057C254 /* Additional.storyboard */,
				CEEA7486226263A50057C254 /* LaunchScreen.storyboard */,
			);
			path = Storyboards;
			sourceTree = "<group>";
		};
		CE07978122649A6B00A03DE3 /* Supporting Files */ = {
			isa = PBXGroup;
			children = (
				CEEA747D226263A30057C254 /* AppDelegate.swift */,
				CEEA7484226263A50057C254 /* Assets.xcassets */,
				CEEA7489226263A50057C254 /* Info.plist */,
			);
			path = "Supporting Files";
			sourceTree = "<group>";
		};
		CE98FC3C226499970016DF89 /* Models */ = {
			isa = PBXGroup;
			children = (
				CEEA74952262725C0057C254 /* Emoji.swift */,
			);
			path = Models;
			sourceTree = "<group>";
		};
		CEEA7471226263A30057C254 = {
			isa = PBXGroup;
			children = (
				CEEA747C226263A30057C254 /* DZ_Emoji */,
				CEEA747B226263A30057C254 /* Products */,
			);
			sourceTree = "<group>";
		};
		CEEA747B226263A30057C254 /* Products */ = {
			isa = PBXGroup;
			children = (
				CEEA747A226263A30057C254 /* DZ_Emoji.app */,
			);
			name = Products;
			sourceTree = "<group>";
		};
		CEEA747C226263A30057C254 /* DZ_Emoji */ = {
			isa = PBXGroup;
			children = (
				CE98FC3C226499970016DF89 /* Models */,
				CE07977D226499CF00A03DE3 /* Views */,
				CE07977F22649A0C00A03DE3 /* ViewControllers */,
				CE07977E226499E800A03DE3 /* Managers */,
				CE07978122649A6B00A03DE3 /* Supporting Files */,
			);
			path = DZ_Emoji;
			sourceTree = "<group>";
		};
		CEEA749B2263582E0057C254 /* EmojiCell */ = {
			isa = PBXGroup;
			children = (
				CEEA74972263581B0057C254 /* EmojiCell.swift */,
				CEEA74982263581B0057C254 /* EmojiCell.xib */,
			);
			path = EmojiCell;
			sourceTree = "<group>";
		};
/* End PBXGroup section */

/* Begin PBXNativeTarget section */
		CEEA7479226263A30057C254 /* DZ_Emoji */ = {
			isa = PBXNativeTarget;
			buildConfigurationList = CEEA748C226263A50057C254 /* Build configuration list for PBXNativeTarget "DZ_Emoji" */;
			buildPhases = (
				CEEA7476226263A30057C254 /* Sources */,
				CEEA7477226263A30057C254 /* Frameworks */,
				CEEA7478226263A30057C254 /* Resources */,
			);
			buildRules = (
			);
			dependencies = (
			);
			name = DZ_Emoji;
			productName = DZ_Emoji;
			productReference = CEEA747A226263A30057C254 /* DZ_Emoji.app */;
			productType = "com.apple.product-type.application";
		};
/* End PBXNativeTarget section */

/* Begin PBXProject section */
		CEEA7472226263A30057C254 /* Project object */ = {
			isa = PBXProject;
			attributes = {
				LastSwiftUpdateCheck = 1020;
				LastUpgradeCheck = 1020;
				ORGANIZATIONNAME = "Sergey Koshlakov";
				TargetAttributes = {
					CEEA7479226263A30057C254 = {
						CreatedOnToolsVersion = 10.2;
					};
				};
			};
			buildConfigurationList = CEEA7475226263A30057C254 /* Build configuration list for PBXProject "DZ_Emoji" */;
			compatibilityVersion = "Xcode 9.3";
			developmentRegion = en;
			hasScannedForEncodings = 0;
			knownRegions = (
				en,
				Base,
			);
			mainGroup = CEEA7471226263A30057C254;
			productRefGroup = CEEA747B226263A30057C254 /* Products */;
			projectDirPath = "";
			projectRoot = "";
			targets = (
				CEEA7479226263A30057C254 /* DZ_Emoji */,
			);
		};
/* End PBXProject section */

/* Begin PBXResourcesBuildPhase section */
		CEEA7478226263A30057C254 /* Resources */ = {
			isa = PBXResourcesBuildPhase;
			buildActionMask = 2147483647;
			files = (
				CEEA749A2263581B0057C254 /* EmojiCell.xib in Resources */,
				CEEA7488226263A50057C254 /* LaunchScreen.storyboard in Resources */,
				CEEA7490226264800057C254 /* Additional.storyboard in Resources */,
				CEEA7485226263A50057C254 /* Assets.xcassets in Resources */,
				CEEA7483226263A30057C254 /* Main.storyboard in Resources */,
			);
			runOnlyForDeploymentPostprocessing = 0;
		};
/* End PBXResourcesBuildPhase section */

/* Begin PBXSourcesBuildPhase section */
		CEEA7476226263A30057C254 /* Sources */ = {
			isa = PBXSourcesBuildPhase;
			buildActionMask = 2147483647;
			files = (
				CEEA749D22636F560057C254 /* CellConfigurator.swift in Sources */,
				CEEA747E226263A30057C254 /* AppDelegate.swift in Sources */,
				CEEA749422626BDB0057C254 /* EmojiTableViewController.swift in Sources */,
				CEEA74992263581B0057C254 /* EmojiCell.swift in Sources */,
				CEEA74962262725C0057C254 /* Emoji.swift in Sources */,
				CEEA7492226264F90057C254 /* ListTableViewController.swift in Sources */,
			);
			runOnlyForDeploymentPostprocessing = 0;
		};
/* End PBXSourcesBuildPhase section */

/* Begin PBXVariantGroup section */
		CEEA7481226263A30057C254 /* Main.storyboard */ = {
			isa = PBXVariantGroup;
			children = (
				CEEA7482226263A30057C254 /* Base */,
			);
			name = Main.storyboard;
			sourceTree = "<group>";
		};
		CEEA7486226263A50057C254 /* LaunchScreen.storyboard */ = {
			isa = PBXVariantGroup;
			children = (
				CEEA7487226263A50057C254 /* Base */,
			);
			name = LaunchScreen.storyboard;
			sourceTree = "<group>";
		};
/* End PBXVariantGroup section */

/* Begin XCBuildConfiguration section */
		CEEA748A226263A50057C254 /* Debug */ = {
			isa = XCBuildConfiguration;
			buildSettings = {
				ALWAYS_SEARCH_USER_PATHS = NO;
				CLANG_ANALYZER_NONNULL = YES;
				CLANG_ANALYZER_NUMBER_OBJECT_CONVERSION = YES_AGGRESSIVE;
				CLANG_CXX_LANGUAGE_STANDARD = "gnu++14";
				CLANG_CXX_LIBRARY = "libc++";
				CLANG_ENABLE_MODULES = YES;
				CLANG_ENABLE_OBJC_ARC = YES;
				CLANG_ENABLE_OBJC_WEAK = YES;
				CLANG_WARN_BLOCK_CAPTURE_AUTORELEASING = YES;
				CLANG_WARN_BOOL_CONVERSION = YES;
				CLANG_WARN_COMMA = YES;
				CLANG_WARN_CONSTANT_CONVERSION = YES;
				CLANG_WARN_DEPRECATED_OBJC_IMPLEMENTATIONS = YES;
				CLANG_WARN_DIRECT_OBJC_ISA_USAGE = YES_ERROR;
				CLANG_WARN_DOCUMENTATION_COMMENTS = YES;
				CLANG_WARN_EMPTY_BODY = YES;
				CLANG_WARN_ENUM_CONVERSION = YES;
				CLANG_WARN_INFINITE_RECURSION = YES;
				CLANG_WARN_INT_CONVERSION = YES;
				CLANG_WARN_NON_LITERAL_NULL_CONVERSION = YES;
				CLANG_WARN_OBJC_IMPLICIT_RETAIN_SELF = YES;
				CLANG_WARN_OBJC_LITERAL_CONVERSION = YES;
				CLANG_WARN_OBJC_ROOT_CLASS = YES_ERROR;
				CLANG_WARN_RANGE_LOOP_ANALYSIS = YES;
				CLANG_WARN_STRICT_PROTOTYPES = YES;
				CLANG_WARN_SUSPICIOUS_MOVE = YES;
				CLANG_WARN_UNGUARDED_AVAILABILITY = YES_AGGRESSIVE;
				CLANG_WARN_UNREACHABLE_CODE = YES;
				CLANG_WARN__DUPLICATE_METHOD_MATCH = YES;
				CODE_SIGN_IDENTITY = "iPhone Developer";
				COPY_PHASE_STRIP = NO;
				DEBUG_INFORMATION_FORMAT = dwarf;
				ENABLE_STRICT_OBJC_MSGSEND = YES;
				ENABLE_TESTABILITY = YES;
				GCC_C_LANGUAGE_STANDARD = gnu11;
				GCC_DYNAMIC_NO_PIC = NO;
				GCC_NO_COMMON_BLOCKS = YES;
				GCC_OPTIMIZATION_LEVEL = 0;
				GCC_PREPROCESSOR_DEFINITIONS = (
					"DEBUG=1",
					"$(inherited)",
				);
				GCC_WARN_64_TO_32_BIT_CONVERSION = YES;
				GCC_WARN_ABOUT_RETURN_TYPE = YES_ERROR;
				GCC_WARN_UNDECLARED_SELECTOR = YES;
				GCC_WARN_UNINITIALIZED_AUTOS = YES_AGGRESSIVE;
				GCC_WARN_UNUSED_FUNCTION = YES;
				GCC_WARN_UNUSED_VARIABLE = YES;
				IPHONEOS_DEPLOYMENT_TARGET = 12.2;
				MTL_ENABLE_DEBUG_INFO = INCLUDE_SOURCE;
				MTL_FAST_MATH = YES;
				ONLY_ACTIVE_ARCH = YES;
				SDKROOT = iphoneos;
				SWIFT_ACTIVE_COMPILATION_CONDITIONS = DEBUG;
				SWIFT_OPTIMIZATION_LEVEL = "-Onone";
			};
			name = Debug;
		};
		CEEA748B226263A50057C254 /* Release */ = {
			isa = XCBuildConfiguration;
			buildSettings = {
				ALWAYS_SEARCH_USER_PATHS = NO;
				CLANG_ANALYZER_NONNULL = YES;
				CLANG_ANALYZER_NUMBER_OBJECT_CONVERSION = YES_AGGRESSIVE;
				CLANG_CXX_LANGUAGE_STANDARD = "gnu++14";
				CLANG_CXX_LIBRARY = "libc++";
				CLANG_ENABLE_MODULES = YES;
				CLANG_ENABLE_OBJC_ARC = YES;
				CLANG_ENABLE_OBJC_WEAK = YES;
				CLANG_WARN_BLOCK_CAPTURE_AUTORELEASING = YES;
				CLANG_WARN_BOOL_CONVERSION = YES;
				CLANG_WARN_COMMA = YES;
				CLANG_WARN_CONSTANT_CONVERSION = YES;
				CLANG_WARN_DEPRECATED_OBJC_IMPLEMENTATIONS = YES;
				CLANG_WARN_DIRECT_OBJC_ISA_USAGE = YES_ERROR;
				CLANG_WARN_DOCUMENTATION_COMMENTS = YES;
				CLANG_WARN_EMPTY_BODY = YES;
				CLANG_WARN_ENUM_CONVERSION = YES;
				CLANG_WARN_INFINITE_RECURSION = YES;
				CLANG_WARN_INT_CONVERSION = YES;
				CLANG_WARN_NON_LITERAL_NULL_CONVERSION = YES;
				CLANG_WARN_OBJC_IMPLICIT_RETAIN_SELF = YES;
				CLANG_WARN_OBJC_LITERAL_CONVERSION = YES;
				CLANG_WARN_OBJC_ROOT_CLASS = YES_ERROR;
				CLANG_WARN_RANGE_LOOP_ANALYSIS = YES;
				CLANG_WARN_STRICT_PROTOTYPES = YES;
				CLANG_WARN_SUSPICIOUS_MOVE = YES;
				CLANG_WARN_UNGUARDED_AVAILABILITY = YES_AGGRESSIVE;
				CLANG_WARN_UNREACHABLE_CODE = YES;
				CLANG_WARN__DUPLICATE_METHOD_MATCH = YES;
				CODE_SIGN_IDENTITY = "iPhone Developer";
				COPY_PHASE_STRIP = NO;
				DEBUG_INFORMATION_FORMAT = "dwarf-with-dsym";
				ENABLE_NS_ASSERTIONS = NO;
				ENABLE_STRICT_OBJC_MSGSEND = YES;
				GCC_C_LANGUAGE_STANDARD = gnu11;
				GCC_NO_COMMON_BLOCKS = YES;
				GCC_WARN_64_TO_32_BIT_CONVERSION = YES;
				GCC_WARN_ABOUT_RETURN_TYPE = YES_ERROR;
				GCC_WARN_UNDECLARED_SELECTOR = YES;
				GCC_WARN_UNINITIALIZED_AUTOS = YES_AGGRESSIVE;
				GCC_WARN_UNUSED_FUNCTION = YES;
				GCC_WARN_UNUSED_VARIABLE = YES;
				IPHONEOS_DEPLOYMENT_TARGET = 12.2;
				MTL_ENABLE_DEBUG_INFO = NO;
				MTL_FAST_MATH = YES;
				SDKROOT = iphoneos;
				SWIFT_COMPILATION_MODE = wholemodule;
				SWIFT_OPTIMIZATION_LEVEL = "-O";
				VALIDATE_PRODUCT = YES;
			};
			name = Release;
		};
		CEEA748D226263A50057C254 /* Debug */ = {
			isa = XCBuildConfiguration;
			buildSettings = {
				ASSETCATALOG_COMPILER_APPICON_NAME = AppIcon;
				CODE_SIGN_STYLE = Automatic;
				DEVELOPMENT_TEAM = 5NAELVG29J;
				INFOPLIST_FILE = "$(SRCROOT)/DZ_Emoji/Supporting Files/Info.plist";
				LD_RUNPATH_SEARCH_PATHS = (
					"$(inherited)",
					"@executable_path/Frameworks",
				);
				PRODUCT_BUNDLE_IDENTIFIER = "ru.sergeykoshlakov.DZ-Emoji";
				PRODUCT_NAME = "$(TARGET_NAME)";
				SWIFT_VERSION = 5.0;
				TARGETED_DEVICE_FAMILY = "1,2";
			};
			name = Debug;
		};
		CEEA748E226263A50057C254 /* Release */ = {
			isa = XCBuildConfiguration;
			buildSettings = {
				ASSETCATALOG_COMPILER_APPICON_NAME = AppIcon;
				CODE_SIGN_STYLE = Automatic;
				DEVELOPMENT_TEAM = 5NAELVG29J;
				INFOPLIST_FILE = "$(SRCROOT)/DZ_Emoji/Supporting Files/Info.plist";
				LD_RUNPATH_SEARCH_PATHS = (
					"$(inherited)",
					"@executable_path/Frameworks",
				);
				PRODUCT_BUNDLE_IDENTIFIER = "ru.sergeykoshlakov.DZ-Emoji";
				PRODUCT_NAME = "$(TARGET_NAME)";
				SWIFT_VERSION = 5.0;
				TARGETED_DEVICE_FAMILY = "1,2";
			};
			name = Release;
		};
/* End XCBuildConfiguration section */

/* Begin XCConfigurationList section */
		CEEA7475226263A30057C254 /* Build configuration list for PBXProject "DZ_Emoji" */ = {
			isa = XCConfigurationList;
			buildConfigurations = (
				CEEA748A226263A50057C254 /* Debug */,
				CEEA748B226263A50057C254 /* Release */,
			);
			defaultConfigurationIsVisible = 0;
			defaultConfigurationName = Release;
		};
		CEEA748C226263A50057C254 /* Build configuration list for PBXNativeTarget "DZ_Emoji" */ = {
			isa = XCConfigurationList;
			buildConfigurations = (
				CEEA748D226263A50057C254 /* Debug */,
				CEEA748E226263A50057C254 /* Release */,
			);
			defaultConfigurationIsVisible = 0;
			defaultConfigurationName = Release;
		};
/* End XCConfigurationList section */
	};
	rootObject = CEEA7472226263A30057C254 /* Project object */;
}
